
Microsoft Visual Studio Solution File, Format Version 12.00
# Visual Studio Version 16
VisualStudioVersion = 16.0.30011.22
MinimumVisualStudioVersion = 10.0.40219.1
Project("{9A19103F-16F7-4668-BE54-9A1E7A4F7556}") = "Classes", "Classes\Classes.csproj", "{84D1CB15-EEEA-4647-B02F-3A334842CF25}"
EndProject
Project("{9A19103F-16F7-4668-BE54-9A1E7A4F7556}") = "AssociationBetweenClasses", "AssociationBetweenClasses\AssociationBetweenClasses.csproj", "{6899FAF0-EF2C-46B6-9814-02228C57EF8F}"
EndProject
Project("{9A19103F-16F7-4668-BE54-9A1E7A4F7556}") = "Inheritance", "Inheritance\Inheritance.csproj", "{F5E474A0-31C0-423F-ACF8-4D237E64C0D7}"
EndProject
Project("{9A19103F-16F7-4668-BE54-9A1E7A4F7556}") = "Olx", "Olx\Olx.csproj", "{0198E978-DDA5-4DB6-8BA4-0731CDAFBADF}"
EndProject
Project("{FAE04EC0-301F-11D3-BF4B-00C04F79EFBC}") = "Polymorphism", "Polymorphism\Polymorphism.csproj", "{7F07DCE1-0517-40F8-BD37-DD896CB84756}"
EndProject
Global
	GlobalSection(SolutionConfigurationPlatforms) = preSolution
		Debug|Any CPU = Debug|Any CPU
		Release|Any CPU = Release|Any CPU
	EndGlobalSection
	GlobalSection(ProjectConfigurationPlatforms) = postSolution
		{84D1CB15-EEEA-4647-B02F-3A334842CF25}.Debug|Any CPU.ActiveCfg = Debug|Any CPU
		{84D1CB15-EEEA-4647-B02F-3A334842CF25}.Debug|Any CPU.Build.0 = Debug|Any CPU
		{84D1CB15-EEEA-4647-B02F-3A334842CF25}.Release|Any CPU.ActiveCfg = Release|Any CPU
		{84D1CB15-EEEA-4647-B02F-3A334842CF25}.Release|Any CPU.Build.0 = Release|Any CPU
		{6899FAF0-EF2C-46B6-9814-02228C57EF8F}.Debug|Any CPU.ActiveCfg = Debug|Any CPU
		{6899FAF0-EF2C-46B6-9814-02228C57EF8F}.Debug|Any CPU.Build.0 = Debug|Any CPU
		{6899FAF0-EF2C-46B6-9814-02228C57EF8F}.Release|Any CPU.ActiveCfg = Release|Any CPU
		{6899FAF0-EF2C-46B6-9814-02228C57EF8F}.Release|Any CPU.Build.0 = Release|Any CPU
		{F5E474A0-31C0-423F-ACF8-4D237E64C0D7}.Debug|Any CPU.ActiveCfg = Debug|Any CPU
		{F5E474A0-31C0-423F-ACF8-4D237E64C0D7}.Debug|Any CPU.Build.0 = Debug|Any CPU
		{F5E474A0-31C0-423F-ACF8-4D237E64C0D7}.Release|Any CPU.ActiveCfg = Release|Any CPU
		{F5E474A0-31C0-423F-ACF8-4D237E64C0D7}.Release|Any CPU.Build.0 = Release|Any CPU
		{0198E978-DDA5-4DB6-8BA4-0731CDAFBADF}.Debug|Any CPU.ActiveCfg = Debug|Any CPU
		{0198E978-DDA5-4DB6-8BA4-0731CDAFBADF}.Debug|Any CPU.Build.0 = Debug|Any CPU
		{0198E978-DDA5-4DB6-8BA4-0731CDAFBADF}.Release|Any CPU.ActiveCfg = Release|Any CPU
		{0198E978-DDA5-4DB6-8BA4-0731CDAFBADF}.Release|Any CPU.Build.0 = Release|Any CPU
		{7F07DCE1-0517-40F8-BD37-DD896CB84756}.Debug|Any CPU.ActiveCfg = Debug|Any CPU
		{7F07DCE1-0517-40F8-BD37-DD896CB84756}.Debug|Any CPU.Build.0 = Debug|Any CPU
		{7F07DCE1-0517-40F8-BD37-DD896CB84756}.Release|Any CPU.ActiveCfg = Release|Any CPU
		{7F07DCE1-0517-40F8-BD37-DD896CB84756}.Release|Any CPU.Build.0 = Release|Any CPU
	EndGlobalSection
	GlobalSection(SolutionProperties) = preSolution
		HideSolutionNode = FALSE
	EndGlobalSection
	GlobalSection(ExtensibilityGlobals) = postSolution
		SolutionGuid = {34331657-4FD0-4146-B751-746EB2AAB56E}
	EndGlobalSection
EndGlobal
